
Microsoft Visual Studio Solution File, Format Version 12.00
# Visual Studio Version 17
VisualStudioVersion = 17.11.35303.130
MinimumVisualStudioVersion = 10.0.40219.1
Project("{2150E333-8FDC-42A3-9474-1A3956D46DE8}") = "Task0", "Task0", "{44AD3CDE-852E-48C0-A2D0-0F1B542A1FB9}"
EndProject
Project("{9A19103F-16F7-4668-BE54-9A1E7A4F7556}") = "Tyuiu.SafonovRV.Sprint1.Task0.V19", "Tyuiu.SafonovRV.Sprint1.Task0.V19\Tyuiu.SafonovRV.Sprint1.Task0.V19.csproj", "{8D613554-8267-4F29-AB7A-0D0AAF3176CB}"
EndProject
Project("{9A19103F-16F7-4668-BE54-9A1E7A4F7556}") = "Tyuiu.SafonovRV.Sprint1.Task0.V19.Lib", "Tyuiu.SafonovRV.Sprint1.Task0.V19.Lib\Tyuiu.SafonovRV.Sprint1.Task0.V19.Lib.csproj", "{F0719E97-B665-41C2-B098-E6701A8095B1}"
EndProject
Project("{9A19103F-16F7-4668-BE54-9A1E7A4F7556}") = "Tyuiu.SafonovRV.Sprint1.Task0.V19.Test", "Tyuiu.SafonovRV.Sprint1.Task0.V19.Test\Tyuiu.SafonovRV.Sprint1.Task0.V19.Test.csproj", "{7E1C6AA4-5F40-463B-9F1C-C2847EA7F058}"
EndProject
Project("{2150E333-8FDC-42A3-9474-1A3956D46DE8}") = "Task1", "Task1", "{66AD07E0-77C3-4A90-B5C2-494526559936}"
EndProject
Project("{9A19103F-16F7-4668-BE54-9A1E7A4F7556}") = "Tyuiu.SafonovRV.Sprint1.Task1.V14", "Tyuiu.SafonovRV.Sprint1.Task1.V14\Tyuiu.SafonovRV.Sprint1.Task1.V14.csproj", "{8ABF9515-F95F-4CD2-A87A-5289D88AC4F0}"
EndProject
Project("{9A19103F-16F7-4668-BE54-9A1E7A4F7556}") = "Tyuiu.SafonovRV.Sprint1.Task1.V14.Lib", "Tyuiu.SafonovRV.Sprint1.Task1.V14.Lib\Tyuiu.SafonovRV.Sprint1.Task1.V14.Lib.csproj", "{D05530A2-2D19-45B3-B7B5-BB479AB3C23E}"
EndProject
Project("{9A19103F-16F7-4668-BE54-9A1E7A4F7556}") = "Tyuiu.SafonovRV.Sprint1.Task1.V14.Test", "Tyuiu.SafonovRV.Sprint1.Task1.V14.Test\Tyuiu.SafonovRV.Sprint1.Task1.V14.Test.csproj", "{DB67A596-8CA1-4FF5-874F-9F8820AE78EA}"
EndProject
Project("{2150E333-8FDC-42A3-9474-1A3956D46DE8}") = "Task2", "Task2", "{AE22F8F6-A516-47E6-A0FC-14CB370A7609}"
EndProject
Project("{9A19103F-16F7-4668-BE54-9A1E7A4F7556}") = "Tyuiu.SafonovRV.Sprint1.Task2.V3", "Tyuiu.SafonovRV.Sprint1.Task2.V3\Tyuiu.SafonovRV.Sprint1.Task2.V3.csproj", "{1E2B5A5A-2642-42C7-A3EE-89B2F93B65DB}"
EndProject
Project("{9A19103F-16F7-4668-BE54-9A1E7A4F7556}") = "Tyuiu.SafonovRV.Sprint1.Task2.V3.Lib", "Tyuiu.SafonovRV.Sprint1.Task2.V3.Lib\Tyuiu.SafonovRV.Sprint1.Task2.V3.Lib.csproj", "{D75DA9A1-ABBF-4C17-9484-FC0D27B36CF7}"
EndProject
Project("{9A19103F-16F7-4668-BE54-9A1E7A4F7556}") = "Tyuiu.SafonovRV.Sprint1.Task2.V3.Test", "Tyuiu.SafonovRV.Sprint1.Task2.V3.Test\Tyuiu.SafonovRV.Sprint1.Task2.V3.Test.csproj", "{2CF30C8C-9ABC-4FE1-B581-1BD482C5744E}"
EndProject
Project("{2150E333-8FDC-42A3-9474-1A3956D46DE8}") = "Task3", "Task3", "{35548C02-2C9F-4022-8933-AEF740F69EE5}"
EndProject
Project("{9A19103F-16F7-4668-BE54-9A1E7A4F7556}") = "Tyuiu.SafonovRV.Sprint1.Task3.V18", "Tyuiu.SafonovRV.Sprint1.Task3.V18\Tyuiu.SafonovRV.Sprint1.Task3.V18.csproj", "{C77D51C1-0FDC-4149-A461-C6680011BCE0}"
EndProject
Project("{9A19103F-16F7-4668-BE54-9A1E7A4F7556}") = "Tyuiu.SafonovRV.Sprint1.Task3.V18.Lib", "Tyuiu.SafonovRV.Sprint1.Task3.V18.Lib\Tyuiu.SafonovRV.Sprint1.Task3.V18.Lib.csproj", "{99539E73-C28B-4DDF-AE42-13287D3F15C1}"
EndProject
Project("{9A19103F-16F7-4668-BE54-9A1E7A4F7556}") = "Tyuiu.SafonovRV.Sprint1.Task3.V18.Test", "Tyuiu.SafonovRV.Sprint1.Task3.V18.Test\Tyuiu.SafonovRV.Sprint1.Task3.V18.Test.csproj", "{829B3224-28A3-43D2-BEF2-3A17856E1043}"
EndProject
Project("{2150E333-8FDC-42A3-9474-1A3956D46DE8}") = "Task4", "Task4", "{59FD42CB-5710-473B-B001-31D724E78BE8}"
EndProject
Project("{FAE04EC0-301F-11D3-BF4B-00C04F79EFBC}") = "Tyuiu.SafonovRV.Sprint1.Task4.V19", "Tyuiu.SafonovRV.Sprint1.Task4.V19\Tyuiu.SafonovRV.Sprint1.Task4.V19.csproj", "{BF3CCD26-B06C-45B5-9CAF-DE89EFF12233}"
EndProject
Project("{FAE04EC0-301F-11D3-BF4B-00C04F79EFBC}") = "Tyuiu.SafonovRV.Sprint1.Task4.V19.Lib", "Tyuiu.SafonovRV.Sprint1.Task4.V19.Lib\Tyuiu.SafonovRV.Sprint1.Task4.V19.Lib.csproj", "{EBD475E4-B649-44D4-B8FE-B8A9FB8F7BB3}"
EndProject
Project("{FAE04EC0-301F-11D3-BF4B-00C04F79EFBC}") = "Tyuiu.SafonovRV.Sprint1.Task4.V19.Test", "Tyuiu.SafonovRV.Sprint1.Task4.V19.Test\Tyuiu.SafonovRV.Sprint1.Task4.V19.Test.csproj", "{DD41EA31-38F5-4325-AC1E-68C2BC6EB789}"
EndProject
Global
	GlobalSection(SolutionConfigurationPlatforms) = preSolution
		Debug|Any CPU = Debug|Any CPU
		Release|Any CPU = Release|Any CPU
	EndGlobalSection
	GlobalSection(ProjectConfigurationPlatforms) = postSolution
		{8D613554-8267-4F29-AB7A-0D0AAF3176CB}.Debug|Any CPU.ActiveCfg = Debug|Any CPU
		{8D613554-8267-4F29-AB7A-0D0AAF3176CB}.Debug|Any CPU.Build.0 = Debug|Any CPU
		{8D613554-8267-4F29-AB7A-0D0AAF3176CB}.Release|Any CPU.ActiveCfg = Release|Any CPU
		{8D613554-8267-4F29-AB7A-0D0AAF3176CB}.Release|Any CPU.Build.0 = Release|Any CPU
		{F0719E97-B665-41C2-B098-E6701A8095B1}.Debug|Any CPU.ActiveCfg = Debug|Any CPU
		{F0719E97-B665-41C2-B098-E6701A8095B1}.Debug|Any CPU.Build.0 = Debug|Any CPU
		{F0719E97-B665-41C2-B098-E6701A8095B1}.Release|Any CPU.ActiveCfg = Release|Any CPU
		{F0719E97-B665-41C2-B098-E6701A8095B1}.Release|Any CPU.Build.0 = Release|Any CPU
		{7E1C6AA4-5F40-463B-9F1C-C2847EA7F058}.Debug|Any CPU.ActiveCfg = Debug|Any CPU
		{7E1C6AA4-5F40-463B-9F1C-C2847EA7F058}.Debug|Any CPU.Build.0 = Debug|Any CPU
		{7E1C6AA4-5F40-463B-9F1C-C2847EA7F058}.Release|Any CPU.ActiveCfg = Release|Any CPU
		{7E1C6AA4-5F40-463B-9F1C-C2847EA7F058}.Release|Any CPU.Build.0 = Release|Any CPU
		{8ABF9515-F95F-4CD2-A87A-5289D88AC4F0}.Debug|Any CPU.ActiveCfg = Debug|Any CPU
		{8ABF9515-F95F-4CD2-A87A-5289D88AC4F0}.Debug|Any CPU.Build.0 = Debug|Any CPU
		{8ABF9515-F95F-4CD2-A87A-5289D88AC4F0}.Release|Any CPU.ActiveCfg = Release|Any CPU
		{8ABF9515-F95F-4CD2-A87A-5289D88AC4F0}.Release|Any CPU.Build.0 = Release|Any CPU
		{D05530A2-2D19-45B3-B7B5-BB479AB3C23E}.Debug|Any CPU.ActiveCfg = Debug|Any CPU
		{D05530A2-2D19-45B3-B7B5-BB479AB3C23E}.Debug|Any CPU.Build.0 = Debug|Any CPU
		{D05530A2-2D19-45B3-B7B5-BB479AB3C23E}.Release|Any CPU.ActiveCfg = Release|Any CPU
		{D05530A2-2D19-45B3-B7B5-BB479AB3C23E}.Release|Any CPU.Build.0 = Release|Any CPU
		{DB67A596-8CA1-4FF5-874F-9F8820AE78EA}.Debug|Any CPU.ActiveCfg = Debug|Any CPU
		{DB67A596-8CA1-4FF5-874F-9F8820AE78EA}.Debug|Any CPU.Build.0 = Debug|Any CPU
		{DB67A596-8CA1-4FF5-874F-9F8820AE78EA}.Release|Any CPU.ActiveCfg = Release|Any CPU
		{DB67A596-8CA1-4FF5-874F-9F8820AE78EA}.Release|Any CPU.Build.0 = Release|Any CPU
		{1E2B5A5A-2642-42C7-A3EE-89B2F93B65DB}.Debug|Any CPU.ActiveCfg = Debug|Any CPU
		{1E2B5A5A-2642-42C7-A3EE-89B2F93B65DB}.Debug|Any CPU.Build.0 = Debug|Any CPU
		{1E2B5A5A-2642-42C7-A3EE-89B2F93B65DB}.Release|Any CPU.ActiveCfg = Release|Any CPU
		{1E2B5A5A-2642-42C7-A3EE-89B2F93B65DB}.Release|Any CPU.Build.0 = Release|Any CPU
		{D75DA9A1-ABBF-4C17-9484-FC0D27B36CF7}.Debug|Any CPU.ActiveCfg = Debug|Any CPU
		{D75DA9A1-ABBF-4C17-9484-FC0D27B36CF7}.Debug|Any CPU.Build.0 = Debug|Any CPU
		{D75DA9A1-ABBF-4C17-9484-FC0D27B36CF7}.Release|Any CPU.ActiveCfg = Release|Any CPU
		{D75DA9A1-ABBF-4C17-9484-FC0D27B36CF7}.Release|Any CPU.Build.0 = Release|Any CPU
		{2CF30C8C-9ABC-4FE1-B581-1BD482C5744E}.Debug|Any CPU.ActiveCfg = Debug|Any CPU
		{2CF30C8C-9ABC-4FE1-B581-1BD482C5744E}.Debug|Any CPU.Build.0 = Debug|Any CPU
		{2CF30C8C-9ABC-4FE1-B581-1BD482C5744E}.Release|Any CPU.ActiveCfg = Release|Any CPU
		{2CF30C8C-9ABC-4FE1-B581-1BD482C5744E}.Release|Any CPU.Build.0 = Release|Any CPU
		{C77D51C1-0FDC-4149-A461-C6680011BCE0}.Debug|Any CPU.ActiveCfg = Debug|Any CPU
		{C77D51C1-0FDC-4149-A461-C6680011BCE0}.Debug|Any CPU.Build.0 = Debug|Any CPU
		{C77D51C1-0FDC-4149-A461-C6680011BCE0}.Release|Any CPU.ActiveCfg = Release|Any CPU
		{C77D51C1-0FDC-4149-A461-C6680011BCE0}.Release|Any CPU.Build.0 = Release|Any CPU
		{99539E73-C28B-4DDF-AE42-13287D3F15C1}.Debug|Any CPU.ActiveCfg = Debug|Any CPU
		{99539E73-C28B-4DDF-AE42-13287D3F15C1}.Debug|Any CPU.Build.0 = Debug|Any CPU
		{99539E73-C28B-4DDF-AE42-13287D3F15C1}.Release|Any CPU.ActiveCfg = Release|Any CPU
		{99539E73-C28B-4DDF-AE42-13287D3F15C1}.Release|Any CPU.Build.0 = Release|Any CPU
		{829B3224-28A3-43D2-BEF2-3A17856E1043}.Debug|Any CPU.ActiveCfg = Debug|Any CPU
		{829B3224-28A3-43D2-BEF2-3A17856E1043}.Debug|Any CPU.Build.0 = Debug|Any CPU
		{829B3224-28A3-43D2-BEF2-3A17856E1043}.Release|Any CPU.ActiveCfg = Release|Any CPU
		{829B3224-28A3-43D2-BEF2-3A17856E1043}.Release|Any CPU.Build.0 = Release|Any CPU
		{BF3CCD26-B06C-45B5-9CAF-DE89EFF12233}.Debug|Any CPU.ActiveCfg = Debug|Any CPU
		{BF3CCD26-B06C-45B5-9CAF-DE89EFF12233}.Debug|Any CPU.Build.0 = Debug|Any CPU
		{BF3CCD26-B06C-45B5-9CAF-DE89EFF12233}.Release|Any CPU.ActiveCfg = Release|Any CPU
		{BF3CCD26-B06C-45B5-9CAF-DE89EFF12233}.Release|Any CPU.Build.0 = Release|Any CPU
		{EBD475E4-B649-44D4-B8FE-B8A9FB8F7BB3}.Debug|Any CPU.ActiveCfg = Debug|Any CPU
		{EBD475E4-B649-44D4-B8FE-B8A9FB8F7BB3}.Debug|Any CPU.Build.0 = Debug|Any CPU
		{EBD475E4-B649-44D4-B8FE-B8A9FB8F7BB3}.Release|Any CPU.ActiveCfg = Release|Any CPU
		{EBD475E4-B649-44D4-B8FE-B8A9FB8F7BB3}.Release|Any CPU.Build.0 = Release|Any CPU
		{DD41EA31-38F5-4325-AC1E-68C2BC6EB789}.Debug|Any CPU.ActiveCfg = Debug|Any CPU
		{DD41EA31-38F5-4325-AC1E-68C2BC6EB789}.Debug|Any CPU.Build.0 = Debug|Any CPU
		{DD41EA31-38F5-4325-AC1E-68C2BC6EB789}.Release|Any CPU.ActiveCfg = Release|Any CPU
		{DD41EA31-38F5-4325-AC1E-68C2BC6EB789}.Release|Any CPU.Build.0 = Release|Any CPU
	EndGlobalSection
	GlobalSection(SolutionProperties) = preSolution
		HideSolutionNode = FALSE
	EndGlobalSection
	GlobalSection(NestedProjects) = preSolution
		{8D613554-8267-4F29-AB7A-0D0AAF3176CB} = {44AD3CDE-852E-48C0-A2D0-0F1B542A1FB9}
		{F0719E97-B665-41C2-B098-E6701A8095B1} = {44AD3CDE-852E-48C0-A2D0-0F1B542A1FB9}
		{7E1C6AA4-5F40-463B-9F1C-C2847EA7F058} = {44AD3CDE-852E-48C0-A2D0-0F1B542A1FB9}
		{8ABF9515-F95F-4CD2-A87A-5289D88AC4F0} = {66AD07E0-77C3-4A90-B5C2-494526559936}
		{D05530A2-2D19-45B3-B7B5-BB479AB3C23E} = {66AD07E0-77C3-4A90-B5C2-494526559936}
		{DB67A596-8CA1-4FF5-874F-9F8820AE78EA} = {66AD07E0-77C3-4A90-B5C2-494526559936}
		{1E2B5A5A-2642-42C7-A3EE-89B2F93B65DB} = {AE22F8F6-A516-47E6-A0FC-14CB370A7609}
		{D75DA9A1-ABBF-4C17-9484-FC0D27B36CF7} = {AE22F8F6-A516-47E6-A0FC-14CB370A7609}
		{2CF30C8C-9ABC-4FE1-B581-1BD482C5744E} = {AE22F8F6-A516-47E6-A0FC-14CB370A7609}
		{C77D51C1-0FDC-4149-A461-C6680011BCE0} = {35548C02-2C9F-4022-8933-AEF740F69EE5}
		{99539E73-C28B-4DDF-AE42-13287D3F15C1} = {35548C02-2C9F-4022-8933-AEF740F69EE5}
		{829B3224-28A3-43D2-BEF2-3A17856E1043} = {35548C02-2C9F-4022-8933-AEF740F69EE5}
		{BF3CCD26-B06C-45B5-9CAF-DE89EFF12233} = {59FD42CB-5710-473B-B001-31D724E78BE8}
		{EBD475E4-B649-44D4-B8FE-B8A9FB8F7BB3} = {59FD42CB-5710-473B-B001-31D724E78BE8}
		{DD41EA31-38F5-4325-AC1E-68C2BC6EB789} = {59FD42CB-5710-473B-B001-31D724E78BE8}
	EndGlobalSection
	GlobalSection(ExtensibilityGlobals) = postSolution
		SolutionGuid = {34FD4CF0-15D7-4F8B-9CAF-D62F889016A4}
	EndGlobalSection
EndGlobal
